
Microsoft Visual Studio Solution File, Format Version 12.00
# Visual Studio Version 17
VisualStudioVersion = 17.4.33403.182
MinimumVisualStudioVersion = 10.0.40219.1
Project("{FAE04EC0-301F-11D3-BF4B-00C04F79EFBC}") = "WPF+Py", "WPF+Py.csproj", "{2C97CC37-AC5D-43A9-B925-7F3291CA5206}"
EndProject
Global
	GlobalSection(SolutionConfigurationPlatforms) = preSolution
		Debug|Any CPU = Debug|Any CPU
		Release|Any CPU = Release|Any CPU
	EndGlobalSection
	GlobalSection(ProjectConfigurationPlatforms) = postSolution
		{2C97CC37-AC5D-43A9-B925-7F3291CA5206}.Debug|Any CPU.ActiveCfg = Debug|Any CPU
		{2C97CC37-AC5D-43A9-B925-7F3291CA5206}.Debug|Any CPU.Build.0 = Debug|Any CPU
		{2C97CC37-AC5D-43A9-B925-7F3291CA5206}.Release|Any CPU.ActiveCfg = Release|Any CPU
		{2C97CC37-AC5D-43A9-B925-7F3291CA5206}.Release|Any CPU.Build.0 = Release|Any CPU
	EndGlobalSection
	GlobalSection(SolutionProperties) = preSolution
		HideSolutionNode = FALSE
	EndGlobalSection
	GlobalSection(ExtensibilityGlobals) = postSolution
		SolutionGuid = {D8C82CA0-C93E-4FBF-A22F-8F58BF37FD2A}
	EndGlobalSection
EndGlobal
